{
  "name": "turborepo-example",
  "version": "1.0.0",
  "lockfileVersion": 3,
  "requires": true,
  "packages": {
    "": {
      "name": "turborepo-example",
      "version": "1.0.0",
      "workspaces": [
        "apps/*",
        "packages/*"
      ],
      "devDependencies": {
        "@turbo/gen": "^2.3.3",
        "eslint": "^9.16.0",
        "eslint-config-custom": "*",
        "prettier": "^3.5.3",
        "prettier-plugin-tailwindcss": "^0.6.10",
        "syncpack": "^13.0.2",
        "turbo": "^2.4.4"
      }
    },
    "apps/docs": {
      "version": "1.0.0",
      "dependencies": {
        "next": "15.2.0",
        "nextra": "^4.2.14",
        "nextra-theme-docs": "^4.2.14",
        "react": "19.0.0",
        "react-dom": "19.0.0",
        "ui": "*"
      },
      "devDependencies": {
        "eslint-config-custom": "*",
        "tsconfig": "*"
      }
    },
    "apps/motor-car": {
      "version": "1.0.0",
      "dependencies": {
        "next": "15.2.0",
        "react": "19.0.0",
        "react-dom": "19.0.0",
        "ui": "*"
      },
      "devDependencies": {
        "eslint-config-custom": "*",
        "tsconfig": "*"
      }
    }
}
}